
Microsoft Visual Studio Solution File, Format Version 12.00
# Visual Studio 15
VisualStudioVersion = 15.0.27130.2036
MinimumVisualStudioVersion = 10.0.40219.1
Project("{2150E333-8FDC-42A3-9474-1A3956D46DE8}") = "example", "example", "{146BD92C-96A5-4459-AEE9-67C6ED2FAE6A}"
EndProject
Project("{2150E333-8FDC-42A3-9474-1A3956D46DE8}") = "src", "src", "{AB42ABF7-9D1B-4E22-9786-380EFA248E85}"
EndProject
Project("{2150E333-8FDC-42A3-9474-1A3956D46DE8}") = "core", "core", "{1EBCE3F2-70F1-473C-82D2-062A1BCA5F80}"
EndProject
Project("{2150E333-8FDC-42A3-9474-1A3956D46DE8}") = "extensions", "extensions", "{F4AEC077-EC1C-4476-87E2-B6828B0CE7D6}"
EndProject
Project("{9A19103F-16F7-4668-BE54-9A1E7A4F7556}") = "Grpc.Server", "src\core\Grpc.Server\Grpc.Server.csproj", "{992D48B7-4FB3-46C9-9B2F-49F254DC199D}"
EndProject
Project("{9A19103F-16F7-4668-BE54-9A1E7A4F7556}") = "Grpc.Hosting", "src\core\Grpc.Hosting\Grpc.Hosting.csproj", "{75EBD371-FA3F-4BD0-9363-3B8B11965CBE}"
EndProject
Project("{9A19103F-16F7-4668-BE54-9A1E7A4F7556}") = "Grpc.MicroService", "src\extensions\Grpc.MicroService\Grpc.MicroService.csproj", "{6FA3F10E-7027-43B3-9C64-14A966A88E9C}"
EndProject
Project("{9A19103F-16F7-4668-BE54-9A1E7A4F7556}") = "Grpc.MicroService.Core", "src\extensions\Grpc.MicroService.Core\Grpc.MicroService.Core.csproj", "{7F9DEC3D-16F8-4B25-BE4B-B4E63668A62A}"
EndProject
Project("{9A19103F-16F7-4668-BE54-9A1E7A4F7556}") = "Example.Protobuf", "example\Example.Protobuf\Example.Protobuf.csproj", "{87EEA12C-B136-4E99-98DB-192DA395C7FB}"
EndProject
Project("{9A19103F-16F7-4668-BE54-9A1E7A4F7556}") = "ExampleServer", "example\ExampleServer\ExampleServer.csproj", "{CB20B192-6851-49FD-9644-E95ED409A146}"
EndProject
Project("{9A19103F-16F7-4668-BE54-9A1E7A4F7556}") = "ExampleClient", "example\ExampleClient\ExampleClient.csproj", "{B6B78DEE-892A-46D6-96DF-29D37F911C36}"
EndProject
Project("{9A19103F-16F7-4668-BE54-9A1E7A4F7556}") = "Grpc.MicroService.Monitor", "src\extensions\Grpc.MicroService.Monitor\Grpc.MicroService.Monitor.csproj", "{CBAF24CC-FACA-49D2-BC8C-4900FEBB0FF1}"
EndProject
Project("{FAE04EC0-301F-11D3-BF4B-00C04F79EFBC}") = "Grpc.MicroService.Abstractions", "src\extensions\Grpc.MicroService.Abstractions\Grpc.MicroService.Abstractions.csproj", "{C5A15B0A-2FB7-44C6-89D7-F61B82BF1716}"
EndProject
Global
	GlobalSection(SolutionConfigurationPlatforms) = preSolution
		Debug|Any CPU = Debug|Any CPU
		Release|Any CPU = Release|Any CPU
	EndGlobalSection
	GlobalSection(ProjectConfigurationPlatforms) = postSolution
		{992D48B7-4FB3-46C9-9B2F-49F254DC199D}.Debug|Any CPU.ActiveCfg = Debug|Any CPU
		{992D48B7-4FB3-46C9-9B2F-49F254DC199D}.Debug|Any CPU.Build.0 = Debug|Any CPU
		{992D48B7-4FB3-46C9-9B2F-49F254DC199D}.Release|Any CPU.ActiveCfg = Release|Any CPU
		{992D48B7-4FB3-46C9-9B2F-49F254DC199D}.Release|Any CPU.Build.0 = Release|Any CPU
		{75EBD371-FA3F-4BD0-9363-3B8B11965CBE}.Debug|Any CPU.ActiveCfg = Debug|Any CPU
		{75EBD371-FA3F-4BD0-9363-3B8B11965CBE}.Debug|Any CPU.Build.0 = Debug|Any CPU
		{75EBD371-FA3F-4BD0-9363-3B8B11965CBE}.Release|Any CPU.ActiveCfg = Release|Any CPU
		{75EBD371-FA3F-4BD0-9363-3B8B11965CBE}.Release|Any CPU.Build.0 = Release|Any CPU
		{6FA3F10E-7027-43B3-9C64-14A966A88E9C}.Debug|Any CPU.ActiveCfg = Debug|Any CPU
		{6FA3F10E-7027-43B3-9C64-14A966A88E9C}.Debug|Any CPU.Build.0 = Debug|Any CPU
		{6FA3F10E-7027-43B3-9C64-14A966A88E9C}.Release|Any CPU.ActiveCfg = Release|Any CPU
		{6FA3F10E-7027-43B3-9C64-14A966A88E9C}.Release|Any CPU.Build.0 = Release|Any CPU
		{7F9DEC3D-16F8-4B25-BE4B-B4E63668A62A}.Debug|Any CPU.ActiveCfg = Debug|Any CPU
		{7F9DEC3D-16F8-4B25-BE4B-B4E63668A62A}.Debug|Any CPU.Build.0 = Debug|Any CPU
		{7F9DEC3D-16F8-4B25-BE4B-B4E63668A62A}.Release|Any CPU.ActiveCfg = Release|Any CPU
		{7F9DEC3D-16F8-4B25-BE4B-B4E63668A62A}.Release|Any CPU.Build.0 = Release|Any CPU
		{87EEA12C-B136-4E99-98DB-192DA395C7FB}.Debug|Any CPU.ActiveCfg = Debug|Any CPU
		{87EEA12C-B136-4E99-98DB-192DA395C7FB}.Debug|Any CPU.Build.0 = Debug|Any CPU
		{87EEA12C-B136-4E99-98DB-192DA395C7FB}.Release|Any CPU.ActiveCfg = Release|Any CPU
		{87EEA12C-B136-4E99-98DB-192DA395C7FB}.Release|Any CPU.Build.0 = Release|Any CPU
		{CB20B192-6851-49FD-9644-E95ED409A146}.Debug|Any CPU.ActiveCfg = Debug|Any CPU
		{CB20B192-6851-49FD-9644-E95ED409A146}.Debug|Any CPU.Build.0 = Debug|Any CPU
		{CB20B192-6851-49FD-9644-E95ED409A146}.Release|Any CPU.ActiveCfg = Release|Any CPU
		{CB20B192-6851-49FD-9644-E95ED409A146}.Release|Any CPU.Build.0 = Release|Any CPU
		{B6B78DEE-892A-46D6-96DF-29D37F911C36}.Debug|Any CPU.ActiveCfg = Debug|Any CPU
		{B6B78DEE-892A-46D6-96DF-29D37F911C36}.Debug|Any CPU.Build.0 = Debug|Any CPU
		{B6B78DEE-892A-46D6-96DF-29D37F911C36}.Release|Any CPU.ActiveCfg = Release|Any CPU
		{B6B78DEE-892A-46D6-96DF-29D37F911C36}.Release|Any CPU.Build.0 = Release|Any CPU
		{CBAF24CC-FACA-49D2-BC8C-4900FEBB0FF1}.Debug|Any CPU.ActiveCfg = Debug|Any CPU
		{CBAF24CC-FACA-49D2-BC8C-4900FEBB0FF1}.Debug|Any CPU.Build.0 = Debug|Any CPU
		{CBAF24CC-FACA-49D2-BC8C-4900FEBB0FF1}.Release|Any CPU.ActiveCfg = Release|Any CPU
		{CBAF24CC-FACA-49D2-BC8C-4900FEBB0FF1}.Release|Any CPU.Build.0 = Release|Any CPU
		{C5A15B0A-2FB7-44C6-89D7-F61B82BF1716}.Debug|Any CPU.ActiveCfg = Debug|Any CPU
		{C5A15B0A-2FB7-44C6-89D7-F61B82BF1716}.Debug|Any CPU.Build.0 = Debug|Any CPU
		{C5A15B0A-2FB7-44C6-89D7-F61B82BF1716}.Release|Any CPU.ActiveCfg = Release|Any CPU
		{C5A15B0A-2FB7-44C6-89D7-F61B82BF1716}.Release|Any CPU.Build.0 = Release|Any CPU
	EndGlobalSection
	GlobalSection(SolutionProperties) = preSolution
		HideSolutionNode = FALSE
	EndGlobalSection
	GlobalSection(NestedProjects) = preSolution
		{1EBCE3F2-70F1-473C-82D2-062A1BCA5F80} = {AB42ABF7-9D1B-4E22-9786-380EFA248E85}
		{F4AEC077-EC1C-4476-87E2-B6828B0CE7D6} = {AB42ABF7-9D1B-4E22-9786-380EFA248E85}
		{992D48B7-4FB3-46C9-9B2F-49F254DC199D} = {1EBCE3F2-70F1-473C-82D2-062A1BCA5F80}
		{75EBD371-FA3F-4BD0-9363-3B8B11965CBE} = {1EBCE3F2-70F1-473C-82D2-062A1BCA5F80}
		{6FA3F10E-7027-43B3-9C64-14A966A88E9C} = {F4AEC077-EC1C-4476-87E2-B6828B0CE7D6}
		{7F9DEC3D-16F8-4B25-BE4B-B4E63668A62A} = {F4AEC077-EC1C-4476-87E2-B6828B0CE7D6}
		{87EEA12C-B136-4E99-98DB-192DA395C7FB} = {146BD92C-96A5-4459-AEE9-67C6ED2FAE6A}
		{CB20B192-6851-49FD-9644-E95ED409A146} = {146BD92C-96A5-4459-AEE9-67C6ED2FAE6A}
		{B6B78DEE-892A-46D6-96DF-29D37F911C36} = {146BD92C-96A5-4459-AEE9-67C6ED2FAE6A}
		{CBAF24CC-FACA-49D2-BC8C-4900FEBB0FF1} = {F4AEC077-EC1C-4476-87E2-B6828B0CE7D6}
		{C5A15B0A-2FB7-44C6-89D7-F61B82BF1716} = {F4AEC077-EC1C-4476-87E2-B6828B0CE7D6}
	EndGlobalSection
	GlobalSection(ExtensibilityGlobals) = postSolution
		SolutionGuid = {BF30C72C-DA95-4373-AD52-6333B4BD6752}
	EndGlobalSection
EndGlobal
