
Microsoft Visual Studio Solution File, Format Version 12.00
# Visual Studio 15
VisualStudioVersion = 15.0.27130.2036
MinimumVisualStudioVersion = 10.0.40219.1
Project("{FAE04EC0-301F-11D3-BF4B-00C04F79EFBC}") = "VSProjectTemplate", "VSProjectTemplate\VSProjectTemplate.csproj", "{64CFD3F7-D9D1-4E18-ACEF-D4A619B55C51}"
EndProject
Global
	GlobalSection(SolutionConfigurationPlatforms) = preSolution
		Debug|Any CPU = Debug|Any CPU
		Release|Any CPU = Release|Any CPU
	EndGlobalSection
	GlobalSection(ProjectConfigurationPlatforms) = postSolution
		{64CFD3F7-D9D1-4E18-ACEF-D4A619B55C51}.Debug|Any CPU.ActiveCfg = Debug|Any CPU
		{64CFD3F7-D9D1-4E18-ACEF-D4A619B55C51}.Debug|Any CPU.Build.0 = Debug|Any CPU
		{64CFD3F7-D9D1-4E18-ACEF-D4A619B55C51}.Release|Any CPU.ActiveCfg = Release|Any CPU
		{64CFD3F7-D9D1-4E18-ACEF-D4A619B55C51}.Release|Any CPU.Build.0 = Release|Any CPU
	EndGlobalSection
	GlobalSection(SolutionProperties) = preSolution
		HideSolutionNode = FALSE
	EndGlobalSection
	GlobalSection(ExtensibilityGlobals) = postSolution
		SolutionGuid = {F6707453-17D3-4C9D-A938-5218D0C1205E}
	EndGlobalSection
EndGlobal
